{
  "name": "jsraknet",
  "version": "1.0.0",
  "lockfileVersion": 1,
  "requires": true,
  "dependencies": {
    "jsbinaryutils": {
      "version": "1.0.3",
      "resolved": "https://registry.npmjs.org/jsbinaryutils/-/jsbinaryutils-1.0.3.tgz",
      "integrity": "sha512-VgWewHVYgLVJbcWsLJaXw4UU7PfXVAvr0wFr3FwODzwZOcmn4HzAb7zM4y6X3rNSSXFPWaATl6wNm0umYzQqHA=="
    }
  }
}
