{
  "name": "jsraknet",
  "version": "1.0.0",
  "lockfileVersion": 1,
  "requires": true,
  "dependencies": {
    "jsbinaryutils": {
      "version": "1.0.5",
      "resolved": "https://registry.npmjs.org/jsbinaryutils/-/jsbinaryutils-1.0.5.tgz",
      "integrity": "sha512-uV49nzAb6VV0SLVy4wUWBQHgbfEx4VvtMxQDGKPmHfw86Ydd3ImYe7DCyGmQdkt6rLHoJP3KjEsjzJ0a5ao6sA=="
    }
  }
}
