{
  "name": "jsraknet",
  "version": "1.0.0",
  "lockfileVersion": 1,
  "requires": true,
  "dependencies": {
    "jsbinaryutils": {
      "version": "1.0.2",
      "resolved": "https://registry.npmjs.org/jsbinaryutils/-/jsbinaryutils-1.0.2.tgz",
      "integrity": "sha512-qyArIUEbmhHwBzkccrXIcWkMtuBcWqQQp9V49+Lt9E+V/331zaWSZYoiKqdb7YtShhRw2+Iud49nHYAJ+z6j8A=="
    }
  }
}
